{
  "name": "file-tree",
  "version": "0.0.1",
  "lockfileVersion": 2,
  "requires": true,
  "packages": {
    "": {
      "version": "0.0.1",
      "hasInstallScript": true,
      "license": "ISC",
      "dependencies": {
        "directory-tree": "^2.2.9"
      },
      "devDependencies": {
        "cargo-cp-artifact": "^0.1"
      }
    },
    "node_modules/cargo-cp-artifact": {
      "version": "0.1.4",
      "resolved": "https://registry.npmjs.org/cargo-cp-artifact/-/cargo-cp-artifact-0.1.4.tgz",
      "integrity": "sha512-34yUas8aUENHGdk6JhLkV4ol0GLtP78YgqpsRDmmnpADy9JoTg/DgKM3CRHAeozTRNhKoPaRFhV+BxoqkmoKUA==",
      "dev": true,
      "bin": {
        "cargo-cp-artifact": "bin/cargo-cp-artifact.js"
      }
    },
    "node_modules/directory-tree": {
      "version": "2.2.9",
      "resolved": "https://registry.npmjs.org/directory-tree/-/directory-tree-2.2.9.tgz",
      "integrity": "sha512-BOHxPNvP+XWijPkzoSBvr164IiNxRzvyAiWelbJsU/wG5OYXByer0+Aqo74G1qU+nRKC4yU/czmkmunkWdPPvQ==",
      "engines": {
        "node": ">=10.0"
      }
    }
  },
  "dependencies": {
    "cargo-cp-artifact": {
      "version": "0.1.4",
      "resolved": "https://registry.npmjs.org/cargo-cp-artifact/-/cargo-cp-artifact-0.1.4.tgz",
      "integrity": "sha512-34yUas8aUENHGdk6JhLkV4ol0GLtP78YgqpsRDmmnpADy9JoTg/DgKM3CRHAeozTRNhKoPaRFhV+BxoqkmoKUA==",
      "dev": true
    },
    "directory-tree": {
      "version": "2.2.9",
      "resolved": "https://registry.npmjs.org/directory-tree/-/directory-tree-2.2.9.tgz",
      "integrity": "sha512-BOHxPNvP+XWijPkzoSBvr164IiNxRzvyAiWelbJsU/wG5OYXByer0+Aqo74G1qU+nRKC4yU/czmkmunkWdPPvQ=="
    }
  }
}
